
Microsoft Visual Studio Solution File, Format Version 12.00
# Visual Studio Version 17
VisualStudioVersion = 17.8.34511.84
MinimumVisualStudioVersion = 10.0.40219.1
Project("{FAE04EC0-301F-11D3-BF4B-00C04F79EFBC}") = "ProposedExercisesSet", "ProposedExercisesSet\ProposedExercisesSet.csproj", "{7CCA80ED-D76D-4EFB-9982-5EF08FA3D346}"
EndProject
Global
	GlobalSection(SolutionConfigurationPlatforms) = preSolution
		Debug|Any CPU = Debug|Any CPU
		Release|Any CPU = Release|Any CPU
	EndGlobalSection
	GlobalSection(ProjectConfigurationPlatforms) = postSolution
		{7CCA80ED-D76D-4EFB-9982-5EF08FA3D346}.Debug|Any CPU.ActiveCfg = Debug|Any CPU
		{7CCA80ED-D76D-4EFB-9982-5EF08FA3D346}.Debug|Any CPU.Build.0 = Debug|Any CPU
		{7CCA80ED-D76D-4EFB-9982-5EF08FA3D346}.Release|Any CPU.ActiveCfg = Release|Any CPU
		{7CCA80ED-D76D-4EFB-9982-5EF08FA3D346}.Release|Any CPU.Build.0 = Release|Any CPU
	EndGlobalSection
	GlobalSection(SolutionProperties) = preSolution
		HideSolutionNode = FALSE
	EndGlobalSection
	GlobalSection(ExtensibilityGlobals) = postSolution
		SolutionGuid = {D171ED8E-D4EF-43E9-A57F-C86AD2D3961F}
	EndGlobalSection
EndGlobal
