
Microsoft Visual Studio Solution File, Format Version 12.00
# Visual Studio Version 17
VisualStudioVersion = 17.8.34511.84
MinimumVisualStudioVersion = 10.0.40219.1
Project("{FAE04EC0-301F-11D3-BF4B-00C04F79EFBC}") = "ComparisonT", "ComparisonT.csproj", "{6A4A27B0-ED5E-46CD-B947-C90D27540347}"
EndProject
Global
	GlobalSection(SolutionConfigurationPlatforms) = preSolution
		Debug|Any CPU = Debug|Any CPU
		Release|Any CPU = Release|Any CPU
	EndGlobalSection
	GlobalSection(ProjectConfigurationPlatforms) = postSolution
		{6A4A27B0-ED5E-46CD-B947-C90D27540347}.Debug|Any CPU.ActiveCfg = Debug|Any CPU
		{6A4A27B0-ED5E-46CD-B947-C90D27540347}.Debug|Any CPU.Build.0 = Debug|Any CPU
		{6A4A27B0-ED5E-46CD-B947-C90D27540347}.Release|Any CPU.ActiveCfg = Release|Any CPU
		{6A4A27B0-ED5E-46CD-B947-C90D27540347}.Release|Any CPU.Build.0 = Release|Any CPU
	EndGlobalSection
	GlobalSection(SolutionProperties) = preSolution
		HideSolutionNode = FALSE
	EndGlobalSection
	GlobalSection(ExtensibilityGlobals) = postSolution
		SolutionGuid = {FF4D8086-CAA8-4000-9C97-1FED606C3AD9}
	EndGlobalSection
EndGlobal
