
Microsoft Visual Studio Solution File, Format Version 12.00
# Visual Studio Version 17
VisualStudioVersion = 17.8.34511.84
MinimumVisualStudioVersion = 10.0.40219.1
Project("{FAE04EC0-301F-11D3-BF4B-00C04F79EFBC}") = "PathProject", "PathProject\PathProject.csproj", "{558283F8-109A-4FF9-B60E-A7090A9B9A1D}"
EndProject
Global
	GlobalSection(SolutionConfigurationPlatforms) = preSolution
		Debug|Any CPU = Debug|Any CPU
		Release|Any CPU = Release|Any CPU
	EndGlobalSection
	GlobalSection(ProjectConfigurationPlatforms) = postSolution
		{558283F8-109A-4FF9-B60E-A7090A9B9A1D}.Debug|Any CPU.ActiveCfg = Debug|Any CPU
		{558283F8-109A-4FF9-B60E-A7090A9B9A1D}.Debug|Any CPU.Build.0 = Debug|Any CPU
		{558283F8-109A-4FF9-B60E-A7090A9B9A1D}.Release|Any CPU.ActiveCfg = Release|Any CPU
		{558283F8-109A-4FF9-B60E-A7090A9B9A1D}.Release|Any CPU.Build.0 = Release|Any CPU
	EndGlobalSection
	GlobalSection(SolutionProperties) = preSolution
		HideSolutionNode = FALSE
	EndGlobalSection
	GlobalSection(ExtensibilityGlobals) = postSolution
		SolutionGuid = {FCE4A93B-0789-4563-8326-30D484A8B28B}
	EndGlobalSection
EndGlobal
