
Microsoft Visual Studio Solution File, Format Version 12.00
# Visual Studio Version 17
VisualStudioVersion = 17.8.34511.84
MinimumVisualStudioVersion = 10.0.40219.1
Project("{FAE04EC0-301F-11D3-BF4B-00C04F79EFBC}") = "ExtensionMethodCut", "ExtensionMethodCut\ExtensionMethodCut.csproj", "{6B827085-DE6D-4FF6-A01C-E0E8AE8F4F72}"
EndProject
Global
	GlobalSection(SolutionConfigurationPlatforms) = preSolution
		Debug|Any CPU = Debug|Any CPU
		Release|Any CPU = Release|Any CPU
	EndGlobalSection
	GlobalSection(ProjectConfigurationPlatforms) = postSolution
		{6B827085-DE6D-4FF6-A01C-E0E8AE8F4F72}.Debug|Any CPU.ActiveCfg = Debug|Any CPU
		{6B827085-DE6D-4FF6-A01C-E0E8AE8F4F72}.Debug|Any CPU.Build.0 = Debug|Any CPU
		{6B827085-DE6D-4FF6-A01C-E0E8AE8F4F72}.Release|Any CPU.ActiveCfg = Release|Any CPU
		{6B827085-DE6D-4FF6-A01C-E0E8AE8F4F72}.Release|Any CPU.Build.0 = Release|Any CPU
	EndGlobalSection
	GlobalSection(SolutionProperties) = preSolution
		HideSolutionNode = FALSE
	EndGlobalSection
	GlobalSection(ExtensibilityGlobals) = postSolution
		SolutionGuid = {8F4F9875-C866-496C-B41E-912EB691BA85}
	EndGlobalSection
EndGlobal
