
Microsoft Visual Studio Solution File, Format Version 12.00
# Visual Studio Version 17
VisualStudioVersion = 17.8.34511.84
MinimumVisualStudioVersion = 10.0.40219.1
Project("{FAE04EC0-301F-11D3-BF4B-00C04F79EFBC}") = "RelationalAlgebraFixationExercises", "RelationalAlgebraFixationExercises.csproj", "{AFB4E891-A5EC-4405-8524-0484E0279A17}"
EndProject
Global
	GlobalSection(SolutionConfigurationPlatforms) = preSolution
		Debug|Any CPU = Debug|Any CPU
		Release|Any CPU = Release|Any CPU
	EndGlobalSection
	GlobalSection(ProjectConfigurationPlatforms) = postSolution
		{AFB4E891-A5EC-4405-8524-0484E0279A17}.Debug|Any CPU.ActiveCfg = Debug|Any CPU
		{AFB4E891-A5EC-4405-8524-0484E0279A17}.Debug|Any CPU.Build.0 = Debug|Any CPU
		{AFB4E891-A5EC-4405-8524-0484E0279A17}.Release|Any CPU.ActiveCfg = Release|Any CPU
		{AFB4E891-A5EC-4405-8524-0484E0279A17}.Release|Any CPU.Build.0 = Release|Any CPU
	EndGlobalSection
	GlobalSection(SolutionProperties) = preSolution
		HideSolutionNode = FALSE
	EndGlobalSection
	GlobalSection(ExtensibilityGlobals) = postSolution
		SolutionGuid = {5B4EF063-2C70-4286-B390-0078E2460B19}
	EndGlobalSection
EndGlobal
