
Microsoft Visual Studio Solution File, Format Version 12.00
# Visual Studio Version 17
VisualStudioVersion = 17.8.34511.84
MinimumVisualStudioVersion = 10.0.40219.1
Project("{FAE04EC0-301F-11D3-BF4B-00C04F79EFBC}") = "SetExercises", "SetExercises\SetExercises.csproj", "{D1327253-1FE5-4CF9-BB0B-DC86A4F35FBD}"
EndProject
Global
	GlobalSection(SolutionConfigurationPlatforms) = preSolution
		Debug|Any CPU = Debug|Any CPU
		Release|Any CPU = Release|Any CPU
	EndGlobalSection
	GlobalSection(ProjectConfigurationPlatforms) = postSolution
		{D1327253-1FE5-4CF9-BB0B-DC86A4F35FBD}.Debug|Any CPU.ActiveCfg = Debug|Any CPU
		{D1327253-1FE5-4CF9-BB0B-DC86A4F35FBD}.Debug|Any CPU.Build.0 = Debug|Any CPU
		{D1327253-1FE5-4CF9-BB0B-DC86A4F35FBD}.Release|Any CPU.ActiveCfg = Release|Any CPU
		{D1327253-1FE5-4CF9-BB0B-DC86A4F35FBD}.Release|Any CPU.Build.0 = Release|Any CPU
	EndGlobalSection
	GlobalSection(SolutionProperties) = preSolution
		HideSolutionNode = FALSE
	EndGlobalSection
	GlobalSection(ExtensibilityGlobals) = postSolution
		SolutionGuid = {7C568122-CEAE-4429-A2AB-FF6CA8CEDA4D}
	EndGlobalSection
EndGlobal
