
Microsoft Visual Studio Solution File, Format Version 12.00
# Visual Studio Version 17
VisualStudioVersion = 17.8.34511.84
MinimumVisualStudioVersion = 10.0.40219.1
Project("{FAE04EC0-301F-11D3-BF4B-00C04F79EFBC}") = "RelationalAlgebraSolvedExercises", "RelationalAlgebraSolvedExercises.csproj", "{FE0224A3-0780-489F-8E5B-F9B3C86E622A}"
EndProject
Global
	GlobalSection(SolutionConfigurationPlatforms) = preSolution
		Debug|Any CPU = Debug|Any CPU
		Release|Any CPU = Release|Any CPU
	EndGlobalSection
	GlobalSection(ProjectConfigurationPlatforms) = postSolution
		{FE0224A3-0780-489F-8E5B-F9B3C86E622A}.Debug|Any CPU.ActiveCfg = Debug|Any CPU
		{FE0224A3-0780-489F-8E5B-F9B3C86E622A}.Debug|Any CPU.Build.0 = Debug|Any CPU
		{FE0224A3-0780-489F-8E5B-F9B3C86E622A}.Release|Any CPU.ActiveCfg = Release|Any CPU
		{FE0224A3-0780-489F-8E5B-F9B3C86E622A}.Release|Any CPU.Build.0 = Release|Any CPU
	EndGlobalSection
	GlobalSection(SolutionProperties) = preSolution
		HideSolutionNode = FALSE
	EndGlobalSection
	GlobalSection(ExtensibilityGlobals) = postSolution
		SolutionGuid = {DA6B570D-3C7B-4015-97DE-E8536085555C}
	EndGlobalSection
EndGlobal
