
Microsoft Visual Studio Solution File, Format Version 12.00
# Visual Studio Version 17
VisualStudioVersion = 17.8.34511.84
MinimumVisualStudioVersion = 10.0.40219.1
Project("{FAE04EC0-301F-11D3-BF4B-00C04F79EFBC}") = "DelegateAction", "DelegateAction.csproj", "{F6DE7E9E-E7F8-4516-B766-3558EAFD86E7}"
EndProject
Global
	GlobalSection(SolutionConfigurationPlatforms) = preSolution
		Debug|Any CPU = Debug|Any CPU
		Release|Any CPU = Release|Any CPU
	EndGlobalSection
	GlobalSection(ProjectConfigurationPlatforms) = postSolution
		{F6DE7E9E-E7F8-4516-B766-3558EAFD86E7}.Debug|Any CPU.ActiveCfg = Debug|Any CPU
		{F6DE7E9E-E7F8-4516-B766-3558EAFD86E7}.Debug|Any CPU.Build.0 = Debug|Any CPU
		{F6DE7E9E-E7F8-4516-B766-3558EAFD86E7}.Release|Any CPU.ActiveCfg = Release|Any CPU
		{F6DE7E9E-E7F8-4516-B766-3558EAFD86E7}.Release|Any CPU.Build.0 = Release|Any CPU
	EndGlobalSection
	GlobalSection(SolutionProperties) = preSolution
		HideSolutionNode = FALSE
	EndGlobalSection
	GlobalSection(ExtensibilityGlobals) = postSolution
		SolutionGuid = {651E5041-2A1D-4F7E-B316-045DB467E712}
	EndGlobalSection
EndGlobal
